{"version":4,"terraform_version":"1.10.7","serial":54,"lineage":"474c4f6c-3a9c-a0d6-06ef-66b74da21c55","outputs":{"vms":{"value":{"mariadb":{"ips":["192.168.250.195","No disponible","No disponible"],"nombre":"mariadb"},"nginx":{"ips":["192.168.250.179","No disponible","No disponible"],"nombre":"nginx"}},"type":["object",{"mariadb":["object",{"ips":["tuple",["string","string","string"]],"nombre":"string"}],"nginx":["object",{"ips":["tuple",["string","string","string"]],"nombre":"string"}]}]}},"resources":[{"module":"module.network[\"red-conf\"]","mode":"managed","type":"libvirt_network","name":"net","provider":"provider[\"registry.opentofu.org/dmacvicar/libvirt\"]","instances":[{"schema_version":0,"attributes":{"addresses":["192.168.251.0/24"],"autostart":true,"bridge":"br-conf","dhcp":[{"enabled":false}],"dns":[{"enabled":false,"forwarders":[],"hosts":[],"local_only":false,"srvs":[]}],"dnsmasq_options":[],"domain":null,"id":"bfa26f96-0b46-40e9-8d94-c4a894beb125","mode":"none","mtu":null,"name":"red-conf","routes":[],"xml":[]},"sensitive_attributes":[],"private":"bnVsbA=="}]},{"module":"module.network[\"red-datos\"]","mode":"managed","type":"libvirt_network","name":"net","provider":"provider[\"registry.opentofu.org/dmacvicar/libvirt\"]","instances":[{"schema_version":0,"attributes":{"addresses":[],"autostart":true,"bridge":"br-datos","dhcp":[{"enabled":false}],"dns":[{"enabled":false,"forwarders":[],"hosts":[],"local_only":false,"srvs":[]}],"dnsmasq_options":[],"domain":null,"id":"d5aeb04e-1120-4f12-8c3f-b3270fd5fa4d","mode":"none","mtu":null,"name":"red-datos","routes":[],"xml":[]},"sensitive_attributes":[],"private":"bnVsbA=="}]},{"module":"module.network[\"red-externa\"]","mode":"managed","type":"libvirt_network","name":"net","provider":"provider[\"registry.opentofu.org/dmacvicar/libvirt\"]","instances":[{"schema_version":0,"attributes":{"addresses":["192.168.250.0/24"],"autostart":true,"bridge":"br-ex","dhcp":[{"enabled":true}],"dns":[{"enabled":true,"forwarders":[],"hosts":[],"local_only":false,"srvs":[]}],"dnsmasq_options":[],"domain":"example.com","id":"69fc8728-a4f4-45d8-ae51-33a28432ab13","mode":"nat","mtu":null,"name":"red-externa","routes":[],"xml":[]},"sensitive_attributes":[],"private":"bnVsbA=="}]},{"module":"module.server[\"mariadb\"]","mode":"managed","type":"libvirt_cloudinit_disk","name":"cloudinit","provider":"provider[\"registry.opentofu.org/dmacvicar/libvirt\"]","instances":[{"index_key":0,"schema_version":0,"attributes":{"id":"/var/lib/libvirt/images/mariadb-cloudinit.iso;823aa2db-8914-47de-96a4-30d61a2734a3","meta_data":"","name":"mariadb-cloudinit.iso","network_config":"network:\n  version: 2\n  ethernets:\n    ens3:\n      dhcp4: true\n    ens4: \n      dhcp4: false\n      addresses: [\"192.168.251.2/24\"]\n    ens5: \n      dhcp4: false\n      addresses: [\"10.0.0.2/24\"]\n","pool":"default","user_data":"#cloud-config\n\"chpasswd\":\n  \"expire\": false\n  \"users\":\n  - \"name\": \"ubuntu\"\n    \"password\": \"asdasd\"\n    \"type\": \"text\"\n\"hostname\": \"mariadb\"\n\"keyboard\":\n  \"layout\": \"es\"\n  \"variant\": \"\"\n\"locale\": \"es_ES.UTF-8\"\n\"runcmd\":\n- \"for i in {1..15}; do ping -c1 8.8.8.8 \u0026\u0026 break || sleep 2; done\"\n- \"for i in {1..10}; do getent hosts deb.debian.org \u0026\u0026 break || sleep 2; done\"\n- \"DEBIAN_FRONTEND=noninteractive apt-get update -o Acquire::ForceIPv4=true || true\"\n- \"DEBIAN_FRONTEND=noninteractive apt-get install -y -o Dpkg::Options::=\\\"--force-confdef\\\"\n  -o Dpkg::Options::=\\\"--force-confold\\\" kbd || true\"\n- \"loadkeys es || true\"\n- \"command -v setupcon \u003e/dev/null 2\u003e\u00261 \u0026\u0026 setupcon || true\"\n- \"localectl set-locale LANG=es_ES.UTF-8 || true\"\n\"timezone\": \"Europe/Madrid\"\n\"users\":\n- \"groups\": \"users, admin\"\n  \"name\": \"ubuntu\"\n  \"shell\": \"/bin/bash\"\n  \"ssh-authorized-keys\":\n  - \"ssh-ed25519 AAAAC3NzaC1lZDI1NTE5AAAAINH8qM6nWKA+kTwCmU8n8OqaXodQ1feToqa4tyIsguvQ\n    alberto@debarg\"\n  \"sudo\": \"ALL=(ALL) NOPASSWD:ALL\"\n\"write_files\":\n- \"content\": |\n    Acquire::ForceIPv4 \"true\";\n  \"path\": \"/etc/apt/apt.conf.d/99force-ipv4\"\n  \"permissions\": \"0644\"\n- \"content\": |\n    XKBMODEL=\"pc105\"\n    XKBLAYOUT=\"es\"\n    XKBVARIANT=\"\"\n    XKBOPTIONS=\"\"\n    BACKSPACE=\"guess\"\n  \"owner\": \"root:root\"\n  \"path\": \"/etc/default/keyboard\"\n  \"permissions\": \"0644\"\n"},"sensitive_attributes":[],"private":"bnVsbA=="}]},{"module":"module.server[\"mariadb\"]","mode":"managed","type":"libvirt_domain","name":"vm","provider":"provider[\"registry.opentofu.org/dmacvicar/libvirt\"]","instances":[{"schema_version":0,"attributes":{"arch":"x86_64","autostart":false,"boot_device":[],"cloudinit":"/var/lib/libvirt/images/mariadb-cloudinit.iso;823aa2db-8914-47de-96a4-30d61a2734a3","cmdline":null,"console":[],"coreos_ignition":null,"cpu":[{"mode":"custom"}],"description":"","disk":[{"block_device":"","file":"","scsi":false,"url":"","volume_id":"/var/lib/libvirt/images/mariadb-linked.qcow2","wwn":""}],"emulator":"/usr/bin/qemu-system-x86_64","filesystem":[],"firmware":null,"fw_cfg_name":"opt/com.coreos/config","graphics":[],"id":"61e489d9-6584-411c-8e5a-4a52e57aee6c","initrd":"","kernel":"","machine":"pc","memory":1024,"metadata":null,"name":"mariadb","network_interface":[{"addresses":["192.168.250.195"],"bridge":"","hostname":"","mac":"52:54:00:3E:7B:20","macvtap":"","network_id":"69fc8728-a4f4-45d8-ae51-33a28432ab13","network_name":"red-externa","passthrough":"","vepa":"","wait_for_lease":true},{"addresses":[],"bridge":"","hostname":"","mac":"52:54:00:3E:32:6D","macvtap":"","network_id":"bfa26f96-0b46-40e9-8d94-c4a894beb125","network_name":"red-conf","passthrough":"","vepa":"","wait_for_lease":false},{"addresses":[],"bridge":"","hostname":"","mac":"52:54:00:66:8D:EB","macvtap":"","network_id":"d5aeb04e-1120-4f12-8c3f-b3270fd5fa4d","network_name":"red-datos","passthrough":"","vepa":"","wait_for_lease":false}],"nvram":[],"qemu_agent":false,"running":true,"timeouts":null,"tpm":[],"type":"kvm","vcpu":1,"video":[],"xml":[]},"sensitive_attributes":[],"private":"eyJlMmJmYjczMC1lY2FhLTExZTYtOGY4OC0zNDM2M2JjN2M0YzAiOnsiY3JlYXRlIjozMDAwMDAwMDAwMDB9fQ==","dependencies":["module.network.libvirt_network.net","module.server.libvirt_cloudinit_disk.cloudinit","module.server.libvirt_volume.disk_main","module.server.libvirt_volume.extra_disks"]}]},{"module":"module.server[\"mariadb\"]","mode":"managed","type":"libvirt_volume","name":"disk_main","provider":"provider[\"registry.opentofu.org/dmacvicar/libvirt\"]","instances":[{"schema_version":0,"attributes":{"base_volume_id":"/var/lib/libvirt/images/ubuntu2404-base.qcow2","base_volume_name":null,"base_volume_pool":null,"format":"qcow2","id":"/var/lib/libvirt/images/mariadb-linked.qcow2","name":"mariadb-linked.qcow2","pool":"default","size":10737418240,"source":null,"xml":[]},"sensitive_attributes":[],"private":"bnVsbA=="}]},{"module":"module.server[\"nginx\"]","mode":"managed","type":"libvirt_cloudinit_disk","name":"cloudinit","provider":"provider[\"registry.opentofu.org/dmacvicar/libvirt\"]","instances":[{"index_key":0,"schema_version":0,"attributes":{"id":"/var/lib/libvirt/images/nginx-cloudinit.iso;a99f85f7-3afe-47e7-8140-ed61d13e8758","meta_data":"","name":"nginx-cloudinit.iso","network_config":"network:\n  version: 2\n  ethernets:\n    ens3:\n      dhcp4: true\n    ens4: \n      dhcp4: false\n      addresses: [\"192.168.251.3/24\"]\n    ens5: \n      dhcp4: false\n      addresses: [\"10.0.0.1/24\"]\n\n      \n","pool":"default","user_data":"#cloud-config\n\"chpasswd\":\n  \"expire\": false\n  \"users\":\n  - \"name\": \"debian\"\n    \"password\": \"asdasd\"\n    \"type\": \"text\"\n\"hostname\": \"nginx\"\n\"keyboard\":\n  \"layout\": \"es\"\n  \"variant\": \"\"\n\"locale\": \"es_ES.UTF-8\"\n\"runcmd\":\n- \"for i in {1..15}; do ping -c1 8.8.8.8 \u0026\u0026 break || sleep 2; done\"\n- \"for i in {1..10}; do getent hosts deb.debian.org \u0026\u0026 break || sleep 2; done\"\n- \"DEBIAN_FRONTEND=noninteractive apt-get update -o Acquire::ForceIPv4=true || true\"\n- \"DEBIAN_FRONTEND=noninteractive apt-get install -y -o Dpkg::Options::=\\\"--force-confdef\\\"\n  -o Dpkg::Options::=\\\"--force-confold\\\" kbd || true\"\n- \"loadkeys es || true\"\n- \"command -v setupcon \u003e/dev/null 2\u003e\u00261 \u0026\u0026 setupcon || true\"\n- \"localectl set-locale LANG=es_ES.UTF-8 || true\"\n\"timezone\": \"Europe/Madrid\"\n\"users\":\n- \"groups\": \"users, admin\"\n  \"name\": \"debian\"\n  \"shell\": \"/bin/bash\"\n  \"ssh-authorized-keys\":\n  - \"ssh-ed25519 AAAAC3NzaC1lZDI1NTE5AAAAINH8qM6nWKA+kTwCmU8n8OqaXodQ1feToqa4tyIsguvQ\n    alberto@debarg\"\n  \"sudo\": \"ALL=(ALL) NOPASSWD:ALL\"\n\"write_files\":\n- \"content\": |\n    Acquire::ForceIPv4 \"true\";\n  \"path\": \"/etc/apt/apt.conf.d/99force-ipv4\"\n  \"permissions\": \"0644\"\n- \"content\": |\n    XKBMODEL=\"pc105\"\n    XKBLAYOUT=\"es\"\n    XKBVARIANT=\"\"\n    XKBOPTIONS=\"\"\n    BACKSPACE=\"guess\"\n  \"owner\": \"root:root\"\n  \"path\": \"/etc/default/keyboard\"\n  \"permissions\": \"0644\"\n"},"sensitive_attributes":[],"private":"bnVsbA=="}]},{"module":"module.server[\"nginx\"]","mode":"managed","type":"libvirt_domain","name":"vm","provider":"provider[\"registry.opentofu.org/dmacvicar/libvirt\"]","instances":[{"schema_version":0,"attributes":{"arch":"x86_64","autostart":false,"boot_device":[],"cloudinit":"/var/lib/libvirt/images/nginx-cloudinit.iso;a99f85f7-3afe-47e7-8140-ed61d13e8758","cmdline":null,"console":[],"coreos_ignition":null,"cpu":[{"mode":"custom"}],"description":"","disk":[{"block_device":"","file":"","scsi":false,"url":"","volume_id":"/var/lib/libvirt/images/nginx-linked.qcow2","wwn":""}],"emulator":"/usr/bin/qemu-system-x86_64","filesystem":[],"firmware":null,"fw_cfg_name":"opt/com.coreos/config","graphics":[],"id":"d001ab6d-0ee4-4cf0-b975-1165d5e5078f","initrd":"","kernel":"","machine":"pc","memory":1024,"metadata":null,"name":"nginx","network_interface":[{"addresses":["192.168.250.179"],"bridge":"","hostname":"","mac":"52:54:00:06:44:3B","macvtap":"","network_id":"69fc8728-a4f4-45d8-ae51-33a28432ab13","network_name":"red-externa","passthrough":"","vepa":"","wait_for_lease":true},{"addresses":[],"bridge":"","hostname":"","mac":"52:54:00:C2:25:D2","macvtap":"","network_id":"bfa26f96-0b46-40e9-8d94-c4a894beb125","network_name":"red-conf","passthrough":"","vepa":"","wait_for_lease":false},{"addresses":[],"bridge":"","hostname":"","mac":"52:54:00:32:37:69","macvtap":"","network_id":"d5aeb04e-1120-4f12-8c3f-b3270fd5fa4d","network_name":"red-datos","passthrough":"","vepa":"","wait_for_lease":false}],"nvram":[],"qemu_agent":false,"running":true,"timeouts":null,"tpm":[],"type":"kvm","vcpu":1,"video":[],"xml":[]},"sensitive_attributes":[],"private":"eyJlMmJmYjczMC1lY2FhLTExZTYtOGY4OC0zNDM2M2JjN2M0YzAiOnsiY3JlYXRlIjozMDAwMDAwMDAwMDB9fQ==","dependencies":["module.network.libvirt_network.net","module.server.libvirt_cloudinit_disk.cloudinit","module.server.libvirt_volume.disk_main","module.server.libvirt_volume.extra_disks"]}]},{"module":"module.server[\"nginx\"]","mode":"managed","type":"libvirt_volume","name":"disk_main","provider":"provider[\"registry.opentofu.org/dmacvicar/libvirt\"]","instances":[{"schema_version":0,"attributes":{"base_volume_id":"/var/lib/libvirt/images/debian13-base.qcow2","base_volume_name":null,"base_volume_pool":null,"format":"qcow2","id":"/var/lib/libvirt/images/nginx-linked.qcow2","name":"nginx-linked.qcow2","pool":"default","size":10737418240,"source":null,"xml":[]},"sensitive_attributes":[],"private":"bnVsbA=="}]}],"check_results":null}
